// !$*UTF8*$!
{
	archiveVersion = 1;
	classes = {
	};
	objectVersion = 46;
	objects = {

/* Begin PBXBuildFile section */
		970208601F1F37D100EC5327 /* calculateModel.m in Sources */ = {isa = PBXBuildFile; fileRef = 9702085F1F1F37D100EC5327 /* calculateModel.m */; };
		970208641F1F3AD800EC5327 /* WTextField.m in Sources */ = {isa = PBXBuildFile; fileRef = 970208631F1F3AD800EC5327 /* WTextField.m */; };
		9715CF4E1F1DF24D000D0B4D /* calculateView.m in Sources */ = {isa = PBXBuildFile; fileRef = 9715CF4C1F1DF24D000D0B4D /* calculateView.m */; };
		9715CF4F1F1DF24D000D0B4D /* calculateView.xib in Resources */ = {isa = PBXBuildFile; fileRef = 9715CF4D1F1DF24D000D0B4D /* calculateView.xib */; };
		9715CF511F1E0532000D0B4D /* MainMenu.xib in Resources */ = {isa = PBXBuildFile; fileRef = 9715CF501F1E0532000D0B4D /* MainMenu.xib */; };
		971694751F20F60F0040278D /* calculateModel+numberSystem.m in Sources */ = {isa = PBXBuildFile; fileRef = 971694741F20F60F0040278D /* calculateModel+numberSystem.m */; };
		9731F9611F288EC200C2B3AE /* NetworkStatsModel.m in Sources */ = {isa = PBXBuildFile; fileRef = 9731F9601F288EC200C2B3AE /* NetworkStatsModel.m */; };
		973A606C1F30D163003536EA /* infoPlist.strings in Resources */ = {isa = PBXBuildFile; fileRef = 973A606A1F30D163003536EA /* infoPlist.strings */; };
		973A60721F30D304003536EA /* Localizable.strings in Resources */ = {isa = PBXBuildFile; fileRef = 973A60701F30D304003536EA /* Localizable.strings */; };
		97D3DA1F1F151913003FA1BB /* AppDelegate.m in Sources */ = {isa = PBXBuildFile; fileRef = 97D3DA1E1F151913003FA1BB /* AppDelegate.m */; };
		97D3DA221F151913003FA1BB /* main.m in Sources */ = {isa = PBXBuildFile; fileRef = 97D3DA211F151913003FA1BB /* main.m */; };
		97D3DA271F151913003FA1BB /* Assets.xcassets in Resources */ = {isa = PBXBuildFile; fileRef = 97D3DA261F151913003FA1BB /* Assets.xcassets */; };
/* End PBXBuildFile section */

/* Begin PBXFileReference section */
		9702085E1F1F37D100EC5327 /* calculateModel.h */ = {isa = PBXFileReference; fileEncoding = 4; lastKnownFileType = sourcecode.c.h; name = calculateModel.h; path = ViewModel/calculateModel.h; sourceTree = "<group>"; };
		9702085F1F1F37D100EC5327 /* calculateModel.m */ = {isa = PBXFileReference; fileEncoding = 4; lastKnownFileType = sourcecode.c.objc; name = calculateModel.m; path = ViewModel/calculateModel.m; sourceTree = "<group>"; };
		970208621F1F3AD800EC5327 /* WTextField.h */ = {isa = PBXFileReference; fileEncoding = 4; lastKnownFileType = sourcecode.c.h; name = WTextField.h; path = Part/WTextField.h; sourceTree = "<group>"; };
		970208631F1F3AD800EC5327 /* WTextField.m */ = {isa = PBXFileReference; fileEncoding = 4; lastKnownFileType = sourcecode.c.objc; name = WTextField.m; path = Part/WTextField.m; sourceTree = "<group>"; };
		9715CF4B1F1DF24D000D0B4D /* calculateView.h */ = {isa = PBXFileReference; fileEncoding = 4; lastKnownFileType = sourcecode.c.h; name = calculateView.h; path = View/calculateView.h; sourceTree = "<group>"; };
		9715CF4C1F1DF24D000D0B4D /* calculateView.m */ = {isa = PBXFileReference; fileEncoding = 4; lastKnownFileType = sourcecode.c.objc; name = calculateView.m; path = View/calculateView.m; sourceTree = "<group>"; };
		9715CF4D1F1DF24D000D0B4D /* calculateView.xib */ = {isa = PBXFileReference; fileEncoding = 4; lastKnownFileType = file.xib; name = calculateView.xib; path = View/calculateView.xib; sourceTree = "<group>"; };
		9715CF501F1E0532000D0B4D /* MainMenu.xib */ = {isa = PBXFileReference; fileEncoding = 4; lastKnownFileType = file.xib; name = MainMenu.xib; path = View/MainMenu.xib; sourceTree = "<group>"; };
		971694731F20F60F0040278D /* calculateModel+numberSystem.h */ = {isa = PBXFileReference; fileEncoding = 4; lastKnownFileType = sourcecode.c.h; name = "calculateModel+numberSystem.h"; path = "ViewModel/calculateModel+numberSystem.h"; sourceTree = "<group>"; };
		971694741F20F60F0040278D /* calculateModel+numberSystem.m */ = {isa = PBXFileReference; fileEncoding = 4; lastKnownFileType = sourcecode.c.objc; name = "calculateModel+numberSystem.m"; path = "ViewModel/calculateModel+numberSystem.m"; sourceTree = "<group>"; };
		9731F95F1F288EC200C2B3AE /* NetworkStatsModel.h */ = {isa = PBXFileReference; fileEncoding = 4; lastKnownFileType = sourcecode.c.h; name = NetworkStatsModel.h; path = ViewModel/NetworkStatsModel.h; sourceTree = "<group>"; };
		9731F9601F288EC200C2B3AE /* NetworkStatsModel.m */ = {isa = PBXFileReference; fileEncoding = 4; lastKnownFileType = sourcecode.c.objc; name = NetworkStatsModel.m; path = ViewModel/NetworkStatsModel.m; sourceTree = "<group>"; };
		973A606B1F30D163003536EA /* Base */ = {isa = PBXFileReference; lastKnownFileType = text.plist.strings; name = Base; path = Base.lproj/infoPlist.strings; sourceTree = "<group>"; };
		973A606D1F30D178003536EA /* en */ = {isa = PBXFileReference; lastKnownFileType = text.plist.strings; name = en; path = en.lproj/infoPlist.strings; sourceTree = "<group>"; };
		973A606E1F30D18B003536EA /* zh-Hans */ = {isa = PBXFileReference; lastKnownFileType = text.plist.strings; name = "zh-Hans"; path = "zh-Hans.lproj/infoPlist.strings"; sourceTree = "<group>"; };
		973A60711F30D304003536EA /* en */ = {isa = PBXFileReference; lastKnownFileType = text.plist.strings; name = en; path = en.lproj/Localizable.strings; sourceTree = "<group>"; };
		973A60731F30D308003536EA /* zh-Hans */ = {isa = PBXFileReference; lastKnownFileType = text.plist.strings; name = "zh-Hans"; path = "zh-Hans.lproj/Localizable.strings"; sourceTree = "<group>"; };
		97D3DA1A1F151913003FA1BB /* 状态栏计算器.app */ = {isa = PBXFileReference; explicitFileType = wrapper.application; includeInIndex = 0; path = "状态栏计算器.app"; sourceTree = BUILT_PRODUCTS_DIR; };
		97D3DA1D1F151913003FA1BB /* AppDelegate.h */ = {isa = PBXFileReference; lastKnownFileType = sourcecode.c.h; path = AppDelegate.h; sourceTree = "<group>"; };
		97D3DA1E1F151913003FA1BB /* AppDelegate.m */ = {isa = PBXFileReference; lastKnownFileType = sourcecode.c.objc; path = AppDelegate.m; sourceTree = "<group>"; };
		97D3DA211F151913003FA1BB /* main.m */ = {isa = PBXFileReference; lastKnownFileType = sourcecode.c.objc; path = main.m; sourceTree = "<group>"; };
		97D3DA261F151913003FA1BB /* Assets.xcassets */ = {isa = PBXFileReference; lastKnownFileType = folder.assetcatalog; path = Assets.xcassets; sourceTree = "<group>"; };
		97D3DA2B1F151913003FA1BB /* Info.plist */ = {isa = PBXFileReference; lastKnownFileType = text.plist.xml; path = Info.plist; sourceTree = "<group>"; };
/* End PBXFileReference section */

/* Begin PBXFrameworksBuildPhase section */
		97D3DA171F151913003FA1BB /* Frameworks */ = {
			isa = PBXFrameworksBuildPhase;
			buildActionMask = 2147483647;
			files = (
			);
			runOnlyForDeploymentPostprocessing = 0;
		};
/* End PBXFrameworksBuildPhase section */

/* Begin PBXGroup section */
		970208611F1F390700EC5327 /* Part */ = {
			isa = PBXGroup;
			children = (
				970208621F1F3AD800EC5327 /* WTextField.h */,
				970208631F1F3AD800EC5327 /* WTextField.m */,
			);
			name = Part;
			sourceTree = "<group>";
		};
		9715CF431F1DF0FD000D0B4D /* Model */ = {
			isa = PBXGroup;
			children = (
			);
			name = Model;
			sourceTree = "<group>";
		};
		9715CF441F1DF113000D0B4D /* View */ = {
			isa = PBXGroup;
			children = (
				9715CF4B1F1DF24D000D0B4D /* calculateView.h */,
				9715CF4C1F1DF24D000D0B4D /* calculateView.m */,
				9715CF4D1F1DF24D000D0B4D /* calculateView.xib */,
				9715CF501F1E0532000D0B4D /* MainMenu.xib */,
			);
			name = View;
			sourceTree = "<group>";
		};
		9715CF451F1DF12C000D0B4D /* ViewModel */ = {
			isa = PBXGroup;
			children = (
				9702085E1F1F37D100EC5327 /* calculateModel.h */,
				9702085F1F1F37D100EC5327 /* calculateModel.m */,
				971694731F20F60F0040278D /* calculateModel+numberSystem.h */,
				971694741F20F60F0040278D /* calculateModel+numberSystem.m */,
				9731F95F1F288EC200C2B3AE /* NetworkStatsModel.h */,
				9731F9601F288EC200C2B3AE /* NetworkStatsModel.m */,
			);
			name = ViewModel;
			sourceTree = "<group>";
		};
		97D3DA111F151913003FA1BB = {
			isa = PBXGroup;
			children = (
				97D3DA1C1F151913003FA1BB /* clickCalculate */,
				97D3DA1B1F151913003FA1BB /* Products */,
			);
			sourceTree = "<group>";
		};
		97D3DA1B1F151913003FA1BB /* Products */ = {
			isa = PBXGroup;
			children = (
				97D3DA1A1F151913003FA1BB /* 状态栏计算器.app */,
			);
			name = Products;
			sourceTree = "<group>";
		};
		97D3DA1C1F151913003FA1BB /* clickCalculate */ = {
			isa = PBXGroup;
			children = (
				970208611F1F390700EC5327 /* Part */,
				9715CF451F1DF12C000D0B4D /* ViewModel */,
				9715CF441F1DF113000D0B4D /* View */,
				9715CF431F1DF0FD000D0B4D /* Model */,
				97D3DA1D1F151913003FA1BB /* AppDelegate.h */,
				97D3DA1E1F151913003FA1BB /* AppDelegate.m */,
				97D3DA261F151913003FA1BB /* Assets.xcassets */,
				97D3DA2B1F151913003FA1BB /* Info.plist */,
				973A606A1F30D163003536EA /* infoPlist.strings */,
				973A60701F30D304003536EA /* Localizable.strings */,
				97D3DA201F151913003FA1BB /* Supporting Files */,
			);
			path = clickCalculate;
			sourceTree = "<group>";
		};
		97D3DA201F151913003FA1BB /* Supporting Files */ = {
			isa = PBXGroup;
			children = (
				97D3DA211F151913003FA1BB /* main.m */,
			);
			name = "Supporting Files";
			sourceTree = "<group>";
		};
/* End PBXGroup section */

/* Begin PBXNativeTarget section */
		97D3DA191F151913003FA1BB /* clickCalculate */ = {
			isa = PBXNativeTarget;
			buildConfigurationList = 97D3DA2E1F151913003FA1BB /* Build configuration list for PBXNativeTarget "clickCalculate" */;
			buildPhases = (
				97D3DA161F151913003FA1BB /* Sources */,
				97D3DA171F151913003FA1BB /* Frameworks */,
				97D3DA181F151913003FA1BB /* Resources */,
			);
			buildRules = (
			);
			dependencies = (
			);
			name = clickCalculate;
			productName = clickCalculate;
			productReference = 97D3DA1A1F151913003FA1BB /* 状态栏计算器.app */;
			productType = "com.apple.product-type.application";
		};
/* End PBXNativeTarget section */

/* Begin PBXProject section */
		97D3DA121F151913003FA1BB /* Project object */ = {
			isa = PBXProject;
			attributes = {
				LastUpgradeCheck = 0830;
				ORGANIZATIONNAME = "月砂";
				TargetAttributes = {
					97D3DA191F151913003FA1BB = {
						CreatedOnToolsVersion = 8.3.3;
						ProvisioningStyle = Automatic;
					};
				};
			};
			buildConfigurationList = 97D3DA151F151913003FA1BB /* Build configuration list for PBXProject "clickCalculate" */;
			compatibilityVersion = "Xcode 3.2";
			developmentRegion = English;
			hasScannedForEncodings = 0;
			knownRegions = (
				en,
				Base,
				"zh-Hans",
			);
			mainGroup = 97D3DA111F151913003FA1BB;
			productRefGroup = 97D3DA1B1F151913003FA1BB /* Products */;
			projectDirPath = "";
			projectRoot = "";
			targets = (
				97D3DA191F151913003FA1BB /* clickCalculate */,
			);
		};
/* End PBXProject section */

/* Begin PBXResourcesBuildPhase section */
		97D3DA181F151913003FA1BB /* Resources */ = {
			isa = PBXResourcesBuildPhase;
			buildActionMask = 2147483647;
			files = (
				973A60721F30D304003536EA /* Localizable.strings in Resources */,
				9715CF4F1F1DF24D000D0B4D /* calculateView.xib in Resources */,
				973A606C1F30D163003536EA /* infoPlist.strings in Resources */,
				97D3DA271F151913003FA1BB /* Assets.xcassets in Resources */,
				9715CF511F1E0532000D0B4D /* MainMenu.xib in Resources */,
			);
			runOnlyForDeploymentPostprocessing = 0;
		};
/* End PBXResourcesBuildPhase section */

/* Begin PBXSourcesBuildPhase section */
		97D3DA161F151913003FA1BB /* Sources */ = {
			isa = PBXSourcesBuildPhase;
			buildActionMask = 2147483647;
			files = (
				971694751F20F60F0040278D /* calculateModel+numberSystem.m in Sources */,
				97D3DA221F151913003FA1BB /* main.m in Sources */,
				9715CF4E1F1DF24D000D0B4D /* calculateView.m in Sources */,
				970208601F1F37D100EC5327 /* calculateModel.m in Sources */,
				9731F9611F288EC200C2B3AE /* NetworkStatsModel.m in Sources */,
				970208641F1F3AD800EC5327 /* WTextField.m in Sources */,
				97D3DA1F1F151913003FA1BB /* AppDelegate.m in Sources */,
			);
			runOnlyForDeploymentPostprocessing = 0;
		};
/* End PBXSourcesBuildPhase section */

/* Begin PBXVariantGroup section */
		973A606A1F30D163003536EA /* infoPlist.strings */ = {
			isa = PBXVariantGroup;
			children = (
				973A606B1F30D163003536EA /* Base */,
				973A606D1F30D178003536EA /* en */,
				973A606E1F30D18B003536EA /* zh-Hans */,
			);
			name = infoPlist.strings;
			sourceTree = "<group>";
		};
		973A60701F30D304003536EA /* Localizable.strings */ = {
			isa = PBXVariantGroup;
			children = (
				973A60711F30D304003536EA /* en */,
				973A60731F30D308003536EA /* zh-Hans */,
			);
			name = Localizable.strings;
			sourceTree = "<group>";
		};
/* End PBXVariantGroup section */

/* Begin XCBuildConfiguration section */
		97D3DA2C1F151913003FA1BB /* Debug */ = {
			isa = XCBuildConfiguration;
			buildSettings = {
				ALWAYS_SEARCH_USER_PATHS = NO;
				CLANG_ANALYZER_LOCALIZABILITY_NONLOCALIZED = YES;
				CLANG_ANALYZER_NONNULL = YES;
				CLANG_ANALYZER_NUMBER_OBJECT_CONVERSION = YES_AGGRESSIVE;
				CLANG_CXX_LANGUAGE_STANDARD = "gnu++0x";
				CLANG_CXX_LIBRARY = "libc++";
				CLANG_ENABLE_MODULES = YES;
				CLANG_ENABLE_OBJC_ARC = YES;
				CLANG_WARN_BOOL_CONVERSION = YES;
				CLANG_WARN_CONSTANT_CONVERSION = YES;
				CLANG_WARN_DIRECT_OBJC_ISA_USAGE = YES_ERROR;
				CLANG_WARN_DOCUMENTATION_COMMENTS = YES;
				CLANG_WARN_EMPTY_BODY = YES;
				CLANG_WARN_ENUM_CONVERSION = YES;
				CLANG_WARN_INFINITE_RECURSION = YES;
				CLANG_WARN_INT_CONVERSION = YES;
				CLANG_WARN_OBJC_ROOT_CLASS = YES_ERROR;
				CLANG_WARN_SUSPICIOUS_MOVE = YES;
				CLANG_WARN_UNREACHABLE_CODE = YES;
				CLANG_WARN__DUPLICATE_METHOD_MATCH = YES;
				CODE_SIGN_IDENTITY = "-";
				COPY_PHASE_STRIP = NO;
				DEBUG_INFORMATION_FORMAT = dwarf;
				ENABLE_STRICT_OBJC_MSGSEND = YES;
				ENABLE_TESTABILITY = YES;
				GCC_C_LANGUAGE_STANDARD = gnu99;
				GCC_DYNAMIC_NO_PIC = NO;
				GCC_NO_COMMON_BLOCKS = YES;
				GCC_OPTIMIZATION_LEVEL = 0;
				GCC_PREPROCESSOR_DEFINITIONS = (
					"DEBUG=1",
					"$(inherited)",
				);
				GCC_WARN_64_TO_32_BIT_CONVERSION = YES;
				GCC_WARN_ABOUT_RETURN_TYPE = YES_ERROR;
				GCC_WARN_UNDECLARED_SELECTOR = YES;
				GCC_WARN_UNINITIALIZED_AUTOS = YES_AGGRESSIVE;
				GCC_WARN_UNUSED_FUNCTION = YES;
				GCC_WARN_UNUSED_VARIABLE = YES;
				MACOSX_DEPLOYMENT_TARGET = 10.12;
				MTL_ENABLE_DEBUG_INFO = YES;
				ONLY_ACTIVE_ARCH = YES;
				SDKROOT = macosx;
			};
			name = Debug;
		};
		97D3DA2D1F151913003FA1BB /* Release */ = {
			isa = XCBuildConfiguration;
			buildSettings = {
				ALWAYS_SEARCH_USER_PATHS = NO;
				CLANG_ANALYZER_LOCALIZABILITY_NONLOCALIZED = YES;
				CLANG_ANALYZER_NONNULL = YES;
				CLANG_ANALYZER_NUMBER_OBJECT_CONVERSION = YES_AGGRESSIVE;
				CLANG_CXX_LANGUAGE_STANDARD = "gnu++0x";
				CLANG_CXX_LIBRARY = "libc++";
				CLANG_ENABLE_MODULES = YES;
				CLANG_ENABLE_OBJC_ARC = YES;
				CLANG_WARN_BOOL_CONVERSION = YES;
				CLANG_WARN_CONSTANT_CONVERSION = YES;
				CLANG_WARN_DIRECT_OBJC_ISA_USAGE = YES_ERROR;
				CLANG_WARN_DOCUMENTATION_COMMENTS = YES;
				CLANG_WARN_EMPTY_BODY = YES;
				CLANG_WARN_ENUM_CONVERSION = YES;
				CLANG_WARN_INFINITE_RECURSION = YES;
				CLANG_WARN_INT_CONVERSION = YES;
				CLANG_WARN_OBJC_ROOT_CLASS = YES_ERROR;
				CLANG_WARN_SUSPICIOUS_MOVE = YES;
				CLANG_WARN_UNREACHABLE_CODE = YES;
				CLANG_WARN__DUPLICATE_METHOD_MATCH = YES;
				CODE_SIGN_IDENTITY = "-";
				COPY_PHASE_STRIP = NO;
				DEBUG_INFORMATION_FORMAT = "dwarf-with-dsym";
				ENABLE_NS_ASSERTIONS = NO;
				ENABLE_STRICT_OBJC_MSGSEND = YES;
				GCC_C_LANGUAGE_STANDARD = gnu99;
				GCC_NO_COMMON_BLOCKS = YES;
				GCC_WARN_64_TO_32_BIT_CONVERSION = YES;
				GCC_WARN_ABOUT_RETURN_TYPE = YES_ERROR;
				GCC_WARN_UNDECLARED_SELECTOR = YES;
				GCC_WARN_UNINITIALIZED_AUTOS = YES_AGGRESSIVE;
				GCC_WARN_UNUSED_FUNCTION = YES;
				GCC_WARN_UNUSED_VARIABLE = YES;
				MACOSX_DEPLOYMENT_TARGET = 10.12;
				MTL_ENABLE_DEBUG_INFO = NO;
				SDKROOT = macosx;
			};
			name = Release;
		};
		97D3DA2F1F151913003FA1BB /* Debug */ = {
			isa = XCBuildConfiguration;
			buildSettings = {
				ASSETCATALOG_COMPILER_APPICON_NAME = AppIcon;
				COMBINE_HIDPI_IMAGES = YES;
				INFOPLIST_FILE = clickCalculate/Info.plist;
				LD_RUNPATH_SEARCH_PATHS = "$(inherited) @executable_path/../Frameworks";
				MACOSX_DEPLOYMENT_TARGET = 10.11;
				PRODUCT_BUNDLE_IDENTIFIER = Aplysia.clickCalculate;
				PRODUCT_NAME = "状态栏计算器";
			};
			name = Debug;
		};
		97D3DA301F151913003FA1BB /* Release */ = {
			isa = XCBuildConfiguration;
			buildSettings = {
				ASSETCATALOG_COMPILER_APPICON_NAME = AppIcon;
				COMBINE_HIDPI_IMAGES = YES;
				INFOPLIST_FILE = clickCalculate/Info.plist;
				LD_RUNPATH_SEARCH_PATHS = "$(inherited) @executable_path/../Frameworks";
				MACOSX_DEPLOYMENT_TARGET = 10.11;
				PRODUCT_BUNDLE_IDENTIFIER = Aplysia.clickCalculate;
				PRODUCT_NAME = "状态栏计算器";
			};
			name = Release;
		};
/* End XCBuildConfiguration section */

/* Begin XCConfigurationList section */
		97D3DA151F151913003FA1BB /* Build configuration list for PBXProject "clickCalculate" */ = {
			isa = XCConfigurationList;
			buildConfigurations = (
				97D3DA2C1F151913003FA1BB /* Debug */,
				97D3DA2D1F151913003FA1BB /* Release */,
			);
			defaultConfigurationIsVisible = 0;
			defaultConfigurationName = Release;
		};
		97D3DA2E1F151913003FA1BB /* Build configuration list for PBXNativeTarget "clickCalculate" */ = {
			isa = XCConfigurationList;
			buildConfigurations = (
				97D3DA2F1F151913003FA1BB /* Debug */,
				97D3DA301F151913003FA1BB /* Release */,
			);
			defaultConfigurationIsVisible = 0;
			defaultConfigurationName = Release;
		};
/* End XCConfigurationList section */
	};
	rootObject = 97D3DA121F151913003FA1BB /* Project object */;
}
